
Microsoft Visual Studio Solution File, Format Version 12.00
# Visual Studio Version 16
VisualStudioVersion = 16.0.30413.136
MinimumVisualStudioVersion = 10.0.40219.1
Project("{FAE04EC0-301F-11D3-BF4B-00C04F79EFBC}") = "PartialTest", "PartialTest.csproj", "{4936C9A7-19EE-40B2-BB52-EBCBDC6FA49F}"
EndProject
Global
	GlobalSection(SolutionConfigurationPlatforms) = preSolution
		Debug|Any CPU = Debug|Any CPU
		Release|Any CPU = Release|Any CPU
	EndGlobalSection
	GlobalSection(ProjectConfigurationPlatforms) = postSolution
		{4936C9A7-19EE-40B2-BB52-EBCBDC6FA49F}.Debug|Any CPU.ActiveCfg = Debug|Any CPU
		{4936C9A7-19EE-40B2-BB52-EBCBDC6FA49F}.Debug|Any CPU.Build.0 = Debug|Any CPU
		{4936C9A7-19EE-40B2-BB52-EBCBDC6FA49F}.Release|Any CPU.ActiveCfg = Release|Any CPU
		{4936C9A7-19EE-40B2-BB52-EBCBDC6FA49F}.Release|Any CPU.Build.0 = Release|Any CPU
	EndGlobalSection
	GlobalSection(SolutionProperties) = preSolution
		HideSolutionNode = FALSE
	EndGlobalSection
	GlobalSection(ExtensibilityGlobals) = postSolution
		SolutionGuid = {43022922-DB90-4779-AB1E-2719A4C04A11}
	EndGlobalSection
EndGlobal
